
Microsoft Visual Studio Solution File, Format Version 12.00
# Visual Studio Version 17
VisualStudioVersion = 17.3.32825.248
MinimumVisualStudioVersion = 10.0.40219.1
Project("{FAE04EC0-301F-11D3-BF4B-00C04F79EFBC}") = "Bank2", "Bank2\Bank2.csproj", "{47704554-1109-4A54-9DDE-E52AD095B42E}"
EndProject
Global
	GlobalSection(SolutionConfigurationPlatforms) = preSolution
		Debug|Any CPU = Debug|Any CPU
		Release|Any CPU = Release|Any CPU
	EndGlobalSection
	GlobalSection(ProjectConfigurationPlatforms) = postSolution
		{47704554-1109-4A54-9DDE-E52AD095B42E}.Debug|Any CPU.ActiveCfg = Debug|Any CPU
		{47704554-1109-4A54-9DDE-E52AD095B42E}.Debug|Any CPU.Build.0 = Debug|Any CPU
		{47704554-1109-4A54-9DDE-E52AD095B42E}.Release|Any CPU.ActiveCfg = Release|Any CPU
		{47704554-1109-4A54-9DDE-E52AD095B42E}.Release|Any CPU.Build.0 = Release|Any CPU
	EndGlobalSection
	GlobalSection(SolutionProperties) = preSolution
		HideSolutionNode = FALSE
	EndGlobalSection
	GlobalSection(ExtensibilityGlobals) = postSolution
		SolutionGuid = {F14F63F3-61EB-4873-A93E-22846033DEF3}
	EndGlobalSection
EndGlobal
